
Microsoft Visual Studio Solution File, Format Version 12.00
# Visual Studio Version 16
VisualStudioVersion = 16.0.30011.22
MinimumVisualStudioVersion = 10.0.40219.1
Project("{FAE04EC0-301F-11D3-BF4B-00C04F79EFBC}") = "SeleniumTestWSEI", "SeleniumTestWSEI\SeleniumTestWSEI.csproj", "{358F2A30-D02D-47AA-869B-8CD9820ADA90}"
EndProject
Global
	GlobalSection(SolutionConfigurationPlatforms) = preSolution
		Debug|Any CPU = Debug|Any CPU
		Release|Any CPU = Release|Any CPU
	EndGlobalSection
	GlobalSection(ProjectConfigurationPlatforms) = postSolution
		{358F2A30-D02D-47AA-869B-8CD9820ADA90}.Debug|Any CPU.ActiveCfg = Debug|Any CPU
		{358F2A30-D02D-47AA-869B-8CD9820ADA90}.Debug|Any CPU.Build.0 = Debug|Any CPU
		{358F2A30-D02D-47AA-869B-8CD9820ADA90}.Release|Any CPU.ActiveCfg = Release|Any CPU
		{358F2A30-D02D-47AA-869B-8CD9820ADA90}.Release|Any CPU.Build.0 = Release|Any CPU
	EndGlobalSection
	GlobalSection(SolutionProperties) = preSolution
		HideSolutionNode = FALSE
	EndGlobalSection
	GlobalSection(ExtensibilityGlobals) = postSolution
		SolutionGuid = {C09BD872-4303-420D-900F-07D61619F9B3}
	EndGlobalSection
EndGlobal
